
Microsoft Visual Studio Solution File, Format Version 12.00
# Visual Studio Version 17
VisualStudioVersion = 17.8.34525.116
MinimumVisualStudioVersion = 10.0.40219.1
Project("{FAE04EC0-301F-11D3-BF4B-00C04F79EFBC}") = "CodeFirst", "CodeFirst.csproj", "{56DA8F52-A281-4A02-88A1-DEBE3691DCD8}"
EndProject
Project("{FAE04EC0-301F-11D3-BF4B-00C04F79EFBC}") = "CodeFirst.DB", "..\CodeFirst.DB\CodeFirst.DB.csproj", "{B6A410A2-F746-428A-ADCF-4F7E912D7A49}"
EndProject
Global
	GlobalSection(SolutionConfigurationPlatforms) = preSolution
		Debug|Any CPU = Debug|Any CPU
		Release|Any CPU = Release|Any CPU
	EndGlobalSection
	GlobalSection(ProjectConfigurationPlatforms) = postSolution
		{56DA8F52-A281-4A02-88A1-DEBE3691DCD8}.Debug|Any CPU.ActiveCfg = Debug|Any CPU
		{56DA8F52-A281-4A02-88A1-DEBE3691DCD8}.Debug|Any CPU.Build.0 = Debug|Any CPU
		{56DA8F52-A281-4A02-88A1-DEBE3691DCD8}.Release|Any CPU.ActiveCfg = Release|Any CPU
		{56DA8F52-A281-4A02-88A1-DEBE3691DCD8}.Release|Any CPU.Build.0 = Release|Any CPU
		{B6A410A2-F746-428A-ADCF-4F7E912D7A49}.Debug|Any CPU.ActiveCfg = Debug|Any CPU
		{B6A410A2-F746-428A-ADCF-4F7E912D7A49}.Debug|Any CPU.Build.0 = Debug|Any CPU
		{B6A410A2-F746-428A-ADCF-4F7E912D7A49}.Release|Any CPU.ActiveCfg = Release|Any CPU
		{B6A410A2-F746-428A-ADCF-4F7E912D7A49}.Release|Any CPU.Build.0 = Release|Any CPU
	EndGlobalSection
	GlobalSection(SolutionProperties) = preSolution
		HideSolutionNode = FALSE
	EndGlobalSection
	GlobalSection(ExtensibilityGlobals) = postSolution
		SolutionGuid = {ADD07AC3-8BFA-45E7-9410-30FA2C3C0914}
	EndGlobalSection
EndGlobal
